
Microsoft Visual Studio Solution File, Format Version 12.00
# Visual Studio Version 16
VisualStudioVersion = 16.0.31729.503
MinimumVisualStudioVersion = 10.0.40219.1
Project("{FAE04EC0-301F-11D3-BF4B-00C04F79EFBC}") = "M01A02A", "M01A02A\M01A02A.csproj", "{985A1DDB-BF45-4CED-A86F-F5AAD9A18FFD}"
EndProject
Project("{FAE04EC0-301F-11D3-BF4B-00C04F79EFBC}") = "M01A02B", "M01A02B\M01A02B.csproj", "{E024AD08-6621-4A56-A4B1-735F268441F0}"
EndProject
Project("{FAE04EC0-301F-11D3-BF4B-00C04F79EFBC}") = "M01A02C", "M01A02C\M01A02C.csproj", "{BCD151E8-E249-4957-997E-ED5E641A6A43}"
EndProject
Project("{FAE04EC0-301F-11D3-BF4B-00C04F79EFBC}") = "M01A02D", "M01A02D\M01A02D.csproj", "{D52E3897-6E87-4E0F-9EE2-64BF4C7FE97D}"
EndProject
Project("{FAE04EC0-301F-11D3-BF4B-00C04F79EFBC}") = "M01A02E", "M01A02E\M01A02E.csproj", "{183582FF-6106-44C4-8D04-E8BC9AA1310F}"
EndProject
Project("{FAE04EC0-301F-11D3-BF4B-00C04F79EFBC}") = "M01A03", "M01A03\M01A03.csproj", "{4B7D6E99-D355-4E41-92EC-27586C63FD6C}"
EndProject
Project("{FAE04EC0-301F-11D3-BF4B-00C04F79EFBC}") = "M01A04", "M01A04\M01A04.csproj", "{83DDFCB2-6705-4894-95B8-1D41F6DFFAA9}"
EndProject
Project("{FAE04EC0-301F-11D3-BF4B-00C04F79EFBC}") = "M01A05A", "M01A05\M01A05A.csproj", "{C58DE71B-7495-4457-B18A-24FAC1FC1314}"
EndProject
Project("{FAE04EC0-301F-11D3-BF4B-00C04F79EFBC}") = "M01A05B", "M01A05B\M01A05B.csproj", "{BDB089FF-25F4-4FE2-972E-CC0733A562AF}"
EndProject
Project("{FAE04EC0-301F-11D3-BF4B-00C04F79EFBC}") = "M01A06", "M01A06\M01A06.csproj", "{73A2CF0A-AC52-4B47-BF46-CF9B0831534A}"
EndProject
Project("{FAE04EC0-301F-11D3-BF4B-00C04F79EFBC}") = "M01A07", "M01A07\M01A07.csproj", "{FCDAC566-CA6F-44D3-A0D0-3DC0D3EAEB09}"
EndProject
Project("{FAE04EC0-301F-11D3-BF4B-00C04F79EFBC}") = "M01A08A", "M01A08A\M01A08A.csproj", "{DC0BC124-ABD7-41D2-99ED-E472614F94ED}"
EndProject
Project("{FAE04EC0-301F-11D3-BF4B-00C04F79EFBC}") = "M01A08B", "M01A08B\M01A08B.csproj", "{D2D87585-E26C-4994-AB5A-EFF1D1AB1F34}"
EndProject
Project("{FAE04EC0-301F-11D3-BF4B-00C04F79EFBC}") = "M01A08C", "M01A08C\M01A08C.csproj", "{71A45088-7ED9-437C-9A1C-370A3C7F3E1D}"
EndProject
Project("{FAE04EC0-301F-11D3-BF4B-00C04F79EFBC}") = "M01A08D", "M01A08D\M01A08D.csproj", "{223C1F9C-0FF5-4382-A85F-8285E0D550AC}"
EndProject
Project("{FAE04EC0-301F-11D3-BF4B-00C04F79EFBC}") = "M01A08E", "M01A08E\M01A08E.csproj", "{F3B420C2-9EFB-470A-AF93-E43DB4AB42D7}"
EndProject
Project("{FAE04EC0-301F-11D3-BF4B-00C04F79EFBC}") = "M01A08F", "M01A08F\M01A08F.csproj", "{FEA9E4AA-E274-4A4C-B46D-ACB08E635A33}"
EndProject
Project("{FAE04EC0-301F-11D3-BF4B-00C04F79EFBC}") = "M01A09", "M01A09\M01A09.csproj", "{A6A257C7-C6DA-49B8-890C-FB97DB5D2BB5}"
EndProject
Project("{FAE04EC0-301F-11D3-BF4B-00C04F79EFBC}") = "M01A10", "M01A10\M01A10.csproj", "{C5E1430F-7EAB-434E-B251-07FAFBC5D02D}"
EndProject
Project("{FAE04EC0-301F-11D3-BF4B-00C04F79EFBC}") = "M01A11A", "M01A11A\M01A11A.csproj", "{00796711-83EE-40BB-8E95-C1F040DF236E}"
EndProject
Project("{FAE04EC0-301F-11D3-BF4B-00C04F79EFBC}") = "M01A11B", "M01A11B\M01A11B.csproj", "{7E50DE0E-AB9B-4C1D-8987-5FED7E6A7D1D}"
EndProject
Project("{FAE04EC0-301F-11D3-BF4B-00C04F79EFBC}") = "M01A12A", "M01A12A\M01A12A.csproj", "{82B9F588-840A-435B-8B6E-0DB0D8542464}"
EndProject
Project("{FAE04EC0-301F-11D3-BF4B-00C04F79EFBC}") = "M01A12B", "M01A12B\M01A12B.csproj", "{2CE20FEF-CDFE-4714-99DE-11972D81F1B8}"
EndProject
Project("{FAE04EC0-301F-11D3-BF4B-00C04F79EFBC}") = "M01A12C", "M01A12C\M01A12C.csproj", "{404F4826-B0D7-4049-B36E-18CE84D40B3D}"
EndProject
Project("{FAE04EC0-301F-11D3-BF4B-00C04F79EFBC}") = "M01A13A", "M01A13A\M01A13A.csproj", "{6C4D78D9-4E68-4C75-B4EA-DF1A98D4A488}"
EndProject
Global
	GlobalSection(SolutionConfigurationPlatforms) = preSolution
		Debug|Any CPU = Debug|Any CPU
		Release|Any CPU = Release|Any CPU
	EndGlobalSection
	GlobalSection(ProjectConfigurationPlatforms) = postSolution
		{985A1DDB-BF45-4CED-A86F-F5AAD9A18FFD}.Debug|Any CPU.ActiveCfg = Debug|Any CPU
		{985A1DDB-BF45-4CED-A86F-F5AAD9A18FFD}.Debug|Any CPU.Build.0 = Debug|Any CPU
		{985A1DDB-BF45-4CED-A86F-F5AAD9A18FFD}.Release|Any CPU.ActiveCfg = Release|Any CPU
		{985A1DDB-BF45-4CED-A86F-F5AAD9A18FFD}.Release|Any CPU.Build.0 = Release|Any CPU
		{E024AD08-6621-4A56-A4B1-735F268441F0}.Debug|Any CPU.ActiveCfg = Debug|Any CPU
		{E024AD08-6621-4A56-A4B1-735F268441F0}.Debug|Any CPU.Build.0 = Debug|Any CPU
		{E024AD08-6621-4A56-A4B1-735F268441F0}.Release|Any CPU.ActiveCfg = Release|Any CPU
		{E024AD08-6621-4A56-A4B1-735F268441F0}.Release|Any CPU.Build.0 = Release|Any CPU
		{BCD151E8-E249-4957-997E-ED5E641A6A43}.Debug|Any CPU.ActiveCfg = Debug|Any CPU
		{BCD151E8-E249-4957-997E-ED5E641A6A43}.Debug|Any CPU.Build.0 = Debug|Any CPU
		{BCD151E8-E249-4957-997E-ED5E641A6A43}.Release|Any CPU.ActiveCfg = Release|Any CPU
		{BCD151E8-E249-4957-997E-ED5E641A6A43}.Release|Any CPU.Build.0 = Release|Any CPU
		{D52E3897-6E87-4E0F-9EE2-64BF4C7FE97D}.Debug|Any CPU.ActiveCfg = Debug|Any CPU
		{D52E3897-6E87-4E0F-9EE2-64BF4C7FE97D}.Debug|Any CPU.Build.0 = Debug|Any CPU
		{D52E3897-6E87-4E0F-9EE2-64BF4C7FE97D}.Release|Any CPU.ActiveCfg = Release|Any CPU
		{D52E3897-6E87-4E0F-9EE2-64BF4C7FE97D}.Release|Any CPU.Build.0 = Release|Any CPU
		{183582FF-6106-44C4-8D04-E8BC9AA1310F}.Debug|Any CPU.ActiveCfg = Debug|Any CPU
		{183582FF-6106-44C4-8D04-E8BC9AA1310F}.Debug|Any CPU.Build.0 = Debug|Any CPU
		{183582FF-6106-44C4-8D04-E8BC9AA1310F}.Release|Any CPU.ActiveCfg = Release|Any CPU
		{183582FF-6106-44C4-8D04-E8BC9AA1310F}.Release|Any CPU.Build.0 = Release|Any CPU
		{4B7D6E99-D355-4E41-92EC-27586C63FD6C}.Debug|Any CPU.ActiveCfg = Debug|Any CPU
		{4B7D6E99-D355-4E41-92EC-27586C63FD6C}.Debug|Any CPU.Build.0 = Debug|Any CPU
		{4B7D6E99-D355-4E41-92EC-27586C63FD6C}.Release|Any CPU.ActiveCfg = Release|Any CPU
		{4B7D6E99-D355-4E41-92EC-27586C63FD6C}.Release|Any CPU.Build.0 = Release|Any CPU
		{83DDFCB2-6705-4894-95B8-1D41F6DFFAA9}.Debug|Any CPU.ActiveCfg = Debug|Any CPU
		{83DDFCB2-6705-4894-95B8-1D41F6DFFAA9}.Debug|Any CPU.Build.0 = Debug|Any CPU
		{83DDFCB2-6705-4894-95B8-1D41F6DFFAA9}.Release|Any CPU.ActiveCfg = Release|Any CPU
		{83DDFCB2-6705-4894-95B8-1D41F6DFFAA9}.Release|Any CPU.Build.0 = Release|Any CPU
		{C58DE71B-7495-4457-B18A-24FAC1FC1314}.Debug|Any CPU.ActiveCfg = Debug|Any CPU
		{C58DE71B-7495-4457-B18A-24FAC1FC1314}.Debug|Any CPU.Build.0 = Debug|Any CPU
		{C58DE71B-7495-4457-B18A-24FAC1FC1314}.Release|Any CPU.ActiveCfg = Release|Any CPU
		{C58DE71B-7495-4457-B18A-24FAC1FC1314}.Release|Any CPU.Build.0 = Release|Any CPU
		{BDB089FF-25F4-4FE2-972E-CC0733A562AF}.Debug|Any CPU.ActiveCfg = Debug|Any CPU
		{BDB089FF-25F4-4FE2-972E-CC0733A562AF}.Debug|Any CPU.Build.0 = Debug|Any CPU
		{BDB089FF-25F4-4FE2-972E-CC0733A562AF}.Release|Any CPU.ActiveCfg = Release|Any CPU
		{BDB089FF-25F4-4FE2-972E-CC0733A562AF}.Release|Any CPU.Build.0 = Release|Any CPU
		{73A2CF0A-AC52-4B47-BF46-CF9B0831534A}.Debug|Any CPU.ActiveCfg = Debug|Any CPU
		{73A2CF0A-AC52-4B47-BF46-CF9B0831534A}.Debug|Any CPU.Build.0 = Debug|Any CPU
		{73A2CF0A-AC52-4B47-BF46-CF9B0831534A}.Release|Any CPU.ActiveCfg = Release|Any CPU
		{73A2CF0A-AC52-4B47-BF46-CF9B0831534A}.Release|Any CPU.Build.0 = Release|Any CPU
		{FCDAC566-CA6F-44D3-A0D0-3DC0D3EAEB09}.Debug|Any CPU.ActiveCfg = Debug|Any CPU
		{FCDAC566-CA6F-44D3-A0D0-3DC0D3EAEB09}.Debug|Any CPU.Build.0 = Debug|Any CPU
		{FCDAC566-CA6F-44D3-A0D0-3DC0D3EAEB09}.Release|Any CPU.ActiveCfg = Release|Any CPU
		{FCDAC566-CA6F-44D3-A0D0-3DC0D3EAEB09}.Release|Any CPU.Build.0 = Release|Any CPU
		{DC0BC124-ABD7-41D2-99ED-E472614F94ED}.Debug|Any CPU.ActiveCfg = Debug|Any CPU
		{DC0BC124-ABD7-41D2-99ED-E472614F94ED}.Debug|Any CPU.Build.0 = Debug|Any CPU
		{DC0BC124-ABD7-41D2-99ED-E472614F94ED}.Release|Any CPU.ActiveCfg = Release|Any CPU
		{DC0BC124-ABD7-41D2-99ED-E472614F94ED}.Release|Any CPU.Build.0 = Release|Any CPU
		{D2D87585-E26C-4994-AB5A-EFF1D1AB1F34}.Debug|Any CPU.ActiveCfg = Debug|Any CPU
		{D2D87585-E26C-4994-AB5A-EFF1D1AB1F34}.Debug|Any CPU.Build.0 = Debug|Any CPU
		{D2D87585-E26C-4994-AB5A-EFF1D1AB1F34}.Release|Any CPU.ActiveCfg = Release|Any CPU
		{D2D87585-E26C-4994-AB5A-EFF1D1AB1F34}.Release|Any CPU.Build.0 = Release|Any CPU
		{71A45088-7ED9-437C-9A1C-370A3C7F3E1D}.Debug|Any CPU.ActiveCfg = Debug|Any CPU
		{71A45088-7ED9-437C-9A1C-370A3C7F3E1D}.Debug|Any CPU.Build.0 = Debug|Any CPU
		{71A45088-7ED9-437C-9A1C-370A3C7F3E1D}.Release|Any CPU.ActiveCfg = Release|Any CPU
		{71A45088-7ED9-437C-9A1C-370A3C7F3E1D}.Release|Any CPU.Build.0 = Release|Any CPU
		{223C1F9C-0FF5-4382-A85F-8285E0D550AC}.Debug|Any CPU.ActiveCfg = Debug|Any CPU
		{223C1F9C-0FF5-4382-A85F-8285E0D550AC}.Debug|Any CPU.Build.0 = Debug|Any CPU
		{223C1F9C-0FF5-4382-A85F-8285E0D550AC}.Release|Any CPU.ActiveCfg = Release|Any CPU
		{223C1F9C-0FF5-4382-A85F-8285E0D550AC}.Release|Any CPU.Build.0 = Release|Any CPU
		{F3B420C2-9EFB-470A-AF93-E43DB4AB42D7}.Debug|Any CPU.ActiveCfg = Debug|Any CPU
		{F3B420C2-9EFB-470A-AF93-E43DB4AB42D7}.Debug|Any CPU.Build.0 = Debug|Any CPU
		{F3B420C2-9EFB-470A-AF93-E43DB4AB42D7}.Release|Any CPU.ActiveCfg = Release|Any CPU
		{F3B420C2-9EFB-470A-AF93-E43DB4AB42D7}.Release|Any CPU.Build.0 = Release|Any CPU
		{FEA9E4AA-E274-4A4C-B46D-ACB08E635A33}.Debug|Any CPU.ActiveCfg = Debug|Any CPU
		{FEA9E4AA-E274-4A4C-B46D-ACB08E635A33}.Debug|Any CPU.Build.0 = Debug|Any CPU
		{FEA9E4AA-E274-4A4C-B46D-ACB08E635A33}.Release|Any CPU.ActiveCfg = Release|Any CPU
		{FEA9E4AA-E274-4A4C-B46D-ACB08E635A33}.Release|Any CPU.Build.0 = Release|Any CPU
		{A6A257C7-C6DA-49B8-890C-FB97DB5D2BB5}.Debug|Any CPU.ActiveCfg = Debug|Any CPU
		{A6A257C7-C6DA-49B8-890C-FB97DB5D2BB5}.Debug|Any CPU.Build.0 = Debug|Any CPU
		{A6A257C7-C6DA-49B8-890C-FB97DB5D2BB5}.Release|Any CPU.ActiveCfg = Release|Any CPU
		{A6A257C7-C6DA-49B8-890C-FB97DB5D2BB5}.Release|Any CPU.Build.0 = Release|Any CPU
		{C5E1430F-7EAB-434E-B251-07FAFBC5D02D}.Debug|Any CPU.ActiveCfg = Debug|Any CPU
		{C5E1430F-7EAB-434E-B251-07FAFBC5D02D}.Debug|Any CPU.Build.0 = Debug|Any CPU
		{C5E1430F-7EAB-434E-B251-07FAFBC5D02D}.Release|Any CPU.ActiveCfg = Release|Any CPU
		{C5E1430F-7EAB-434E-B251-07FAFBC5D02D}.Release|Any CPU.Build.0 = Release|Any CPU
		{00796711-83EE-40BB-8E95-C1F040DF236E}.Debug|Any CPU.ActiveCfg = Debug|Any CPU
		{00796711-83EE-40BB-8E95-C1F040DF236E}.Debug|Any CPU.Build.0 = Debug|Any CPU
		{00796711-83EE-40BB-8E95-C1F040DF236E}.Release|Any CPU.ActiveCfg = Release|Any CPU
		{00796711-83EE-40BB-8E95-C1F040DF236E}.Release|Any CPU.Build.0 = Release|Any CPU
		{7E50DE0E-AB9B-4C1D-8987-5FED7E6A7D1D}.Debug|Any CPU.ActiveCfg = Debug|Any CPU
		{7E50DE0E-AB9B-4C1D-8987-5FED7E6A7D1D}.Debug|Any CPU.Build.0 = Debug|Any CPU
		{7E50DE0E-AB9B-4C1D-8987-5FED7E6A7D1D}.Release|Any CPU.ActiveCfg = Release|Any CPU
		{7E50DE0E-AB9B-4C1D-8987-5FED7E6A7D1D}.Release|Any CPU.Build.0 = Release|Any CPU
		{82B9F588-840A-435B-8B6E-0DB0D8542464}.Debug|Any CPU.ActiveCfg = Debug|Any CPU
		{82B9F588-840A-435B-8B6E-0DB0D8542464}.Debug|Any CPU.Build.0 = Debug|Any CPU
		{82B9F588-840A-435B-8B6E-0DB0D8542464}.Release|Any CPU.ActiveCfg = Release|Any CPU
		{82B9F588-840A-435B-8B6E-0DB0D8542464}.Release|Any CPU.Build.0 = Release|Any CPU
		{2CE20FEF-CDFE-4714-99DE-11972D81F1B8}.Debug|Any CPU.ActiveCfg = Debug|Any CPU
		{2CE20FEF-CDFE-4714-99DE-11972D81F1B8}.Debug|Any CPU.Build.0 = Debug|Any CPU
		{2CE20FEF-CDFE-4714-99DE-11972D81F1B8}.Release|Any CPU.ActiveCfg = Release|Any CPU
		{2CE20FEF-CDFE-4714-99DE-11972D81F1B8}.Release|Any CPU.Build.0 = Release|Any CPU
		{404F4826-B0D7-4049-B36E-18CE84D40B3D}.Debug|Any CPU.ActiveCfg = Debug|Any CPU
		{404F4826-B0D7-4049-B36E-18CE84D40B3D}.Debug|Any CPU.Build.0 = Debug|Any CPU
		{404F4826-B0D7-4049-B36E-18CE84D40B3D}.Release|Any CPU.ActiveCfg = Release|Any CPU
		{404F4826-B0D7-4049-B36E-18CE84D40B3D}.Release|Any CPU.Build.0 = Release|Any CPU
		{6C4D78D9-4E68-4C75-B4EA-DF1A98D4A488}.Debug|Any CPU.ActiveCfg = Debug|Any CPU
		{6C4D78D9-4E68-4C75-B4EA-DF1A98D4A488}.Debug|Any CPU.Build.0 = Debug|Any CPU
		{6C4D78D9-4E68-4C75-B4EA-DF1A98D4A488}.Release|Any CPU.ActiveCfg = Release|Any CPU
		{6C4D78D9-4E68-4C75-B4EA-DF1A98D4A488}.Release|Any CPU.Build.0 = Release|Any CPU
	EndGlobalSection
	GlobalSection(SolutionProperties) = preSolution
		HideSolutionNode = FALSE
	EndGlobalSection
	GlobalSection(ExtensibilityGlobals) = postSolution
		SolutionGuid = {BEA46497-C70D-43D7-8396-131702F683D0}
	EndGlobalSection
EndGlobal
