
Microsoft Visual Studio Solution File, Format Version 12.00
# Visual Studio Version 16
VisualStudioVersion = 16.0.31911.196
MinimumVisualStudioVersion = 10.0.40219.1
Project("{FAE04EC0-301F-11D3-BF4B-00C04F79EFBC}") = "Ex001", "Ex001.csproj", "{5FB15F10-E7D5-4151-B53F-0AC592A490D4}"
	ProjectSection(ProjectDependencies) = postProject
		{CEDCD028-8D70-493C-AA22-EC65FD18CD6B} = {CEDCD028-8D70-493C-AA22-EC65FD18CD6B}
		{12ADC368-5074-443E-AF1C-8D4547346BD6} = {12ADC368-5074-443E-AF1C-8D4547346BD6}
		{A27F74B7-22DA-44F6-A3F1-F56838075BF0} = {A27F74B7-22DA-44F6-A3F1-F56838075BF0}
		{366107BE-814F-4D48-984A-F30962841BF8} = {366107BE-814F-4D48-984A-F30962841BF8}
		{D83A9AC7-3841-40FC-8D21-38E8EA487FC7} = {D83A9AC7-3841-40FC-8D21-38E8EA487FC7}
		{94DD36EE-3A11-4ED4-9F63-9D1BA49D96EC} = {94DD36EE-3A11-4ED4-9F63-9D1BA49D96EC}
		{E39C9AF7-EE56-4322-B7D2-C267D6B32D7E} = {E39C9AF7-EE56-4322-B7D2-C267D6B32D7E}
		{FF44FFF7-D07E-4A6A-A92F-70AF1B21CF66} = {FF44FFF7-D07E-4A6A-A92F-70AF1B21CF66}
	EndProjectSection
EndProject
Project("{FAE04EC0-301F-11D3-BF4B-00C04F79EFBC}") = "Ex002", "..\Ex002\Ex002.csproj", "{366107BE-814F-4D48-984A-F30962841BF8}"
EndProject
Project("{9A19103F-16F7-4668-BE54-9A1E7A4F7556}") = "Ex003", "..\Ex003\Ex003.csproj", "{12ADC368-5074-443E-AF1C-8D4547346BD6}"
EndProject
Project("{FAE04EC0-301F-11D3-BF4B-00C04F79EFBC}") = "Ex004", "..\Ex004\Ex004.csproj", "{D83A9AC7-3841-40FC-8D21-38E8EA487FC7}"
EndProject
Project("{9A19103F-16F7-4668-BE54-9A1E7A4F7556}") = "Ex005", "..\Ex005\Ex005.csproj", "{E39C9AF7-EE56-4322-B7D2-C267D6B32D7E}"
EndProject
Project("{9A19103F-16F7-4668-BE54-9A1E7A4F7556}") = "Ex006", "..\Ex006\Ex006.csproj", "{94DD36EE-3A11-4ED4-9F63-9D1BA49D96EC}"
EndProject
Project("{9A19103F-16F7-4668-BE54-9A1E7A4F7556}") = "Ex007", "..\Ex007\Ex007.csproj", "{FF44FFF7-D07E-4A6A-A92F-70AF1B21CF66}"
EndProject
Project("{9A19103F-16F7-4668-BE54-9A1E7A4F7556}") = "Ex008", "..\Ex008\Ex008.csproj", "{A27F74B7-22DA-44F6-A3F1-F56838075BF0}"
EndProject
Project("{FAE04EC0-301F-11D3-BF4B-00C04F79EFBC}") = "Ex009", "..\Ex009\Ex009.csproj", "{CEDCD028-8D70-493C-AA22-EC65FD18CD6B}"
EndProject
Global
	GlobalSection(SolutionConfigurationPlatforms) = preSolution
		Debug|Any CPU = Debug|Any CPU
		Release|Any CPU = Release|Any CPU
	EndGlobalSection
	GlobalSection(ProjectConfigurationPlatforms) = postSolution
		{5FB15F10-E7D5-4151-B53F-0AC592A490D4}.Debug|Any CPU.ActiveCfg = Debug|Any CPU
		{5FB15F10-E7D5-4151-B53F-0AC592A490D4}.Debug|Any CPU.Build.0 = Debug|Any CPU
		{5FB15F10-E7D5-4151-B53F-0AC592A490D4}.Release|Any CPU.ActiveCfg = Release|Any CPU
		{5FB15F10-E7D5-4151-B53F-0AC592A490D4}.Release|Any CPU.Build.0 = Release|Any CPU
		{366107BE-814F-4D48-984A-F30962841BF8}.Debug|Any CPU.ActiveCfg = Debug|Any CPU
		{366107BE-814F-4D48-984A-F30962841BF8}.Debug|Any CPU.Build.0 = Debug|Any CPU
		{366107BE-814F-4D48-984A-F30962841BF8}.Release|Any CPU.ActiveCfg = Release|Any CPU
		{366107BE-814F-4D48-984A-F30962841BF8}.Release|Any CPU.Build.0 = Release|Any CPU
		{12ADC368-5074-443E-AF1C-8D4547346BD6}.Debug|Any CPU.ActiveCfg = Debug|Any CPU
		{12ADC368-5074-443E-AF1C-8D4547346BD6}.Debug|Any CPU.Build.0 = Debug|Any CPU
		{12ADC368-5074-443E-AF1C-8D4547346BD6}.Release|Any CPU.ActiveCfg = Release|Any CPU
		{12ADC368-5074-443E-AF1C-8D4547346BD6}.Release|Any CPU.Build.0 = Release|Any CPU
		{D83A9AC7-3841-40FC-8D21-38E8EA487FC7}.Debug|Any CPU.ActiveCfg = Debug|Any CPU
		{D83A9AC7-3841-40FC-8D21-38E8EA487FC7}.Debug|Any CPU.Build.0 = Debug|Any CPU
		{D83A9AC7-3841-40FC-8D21-38E8EA487FC7}.Release|Any CPU.ActiveCfg = Release|Any CPU
		{D83A9AC7-3841-40FC-8D21-38E8EA487FC7}.Release|Any CPU.Build.0 = Release|Any CPU
		{E39C9AF7-EE56-4322-B7D2-C267D6B32D7E}.Debug|Any CPU.ActiveCfg = Debug|Any CPU
		{E39C9AF7-EE56-4322-B7D2-C267D6B32D7E}.Debug|Any CPU.Build.0 = Debug|Any CPU
		{E39C9AF7-EE56-4322-B7D2-C267D6B32D7E}.Release|Any CPU.ActiveCfg = Release|Any CPU
		{E39C9AF7-EE56-4322-B7D2-C267D6B32D7E}.Release|Any CPU.Build.0 = Release|Any CPU
		{94DD36EE-3A11-4ED4-9F63-9D1BA49D96EC}.Debug|Any CPU.ActiveCfg = Debug|Any CPU
		{94DD36EE-3A11-4ED4-9F63-9D1BA49D96EC}.Debug|Any CPU.Build.0 = Debug|Any CPU
		{94DD36EE-3A11-4ED4-9F63-9D1BA49D96EC}.Release|Any CPU.ActiveCfg = Release|Any CPU
		{94DD36EE-3A11-4ED4-9F63-9D1BA49D96EC}.Release|Any CPU.Build.0 = Release|Any CPU
		{FF44FFF7-D07E-4A6A-A92F-70AF1B21CF66}.Debug|Any CPU.ActiveCfg = Debug|Any CPU
		{FF44FFF7-D07E-4A6A-A92F-70AF1B21CF66}.Debug|Any CPU.Build.0 = Debug|Any CPU
		{FF44FFF7-D07E-4A6A-A92F-70AF1B21CF66}.Release|Any CPU.ActiveCfg = Release|Any CPU
		{FF44FFF7-D07E-4A6A-A92F-70AF1B21CF66}.Release|Any CPU.Build.0 = Release|Any CPU
		{A27F74B7-22DA-44F6-A3F1-F56838075BF0}.Debug|Any CPU.ActiveCfg = Debug|Any CPU
		{A27F74B7-22DA-44F6-A3F1-F56838075BF0}.Debug|Any CPU.Build.0 = Debug|Any CPU
		{A27F74B7-22DA-44F6-A3F1-F56838075BF0}.Release|Any CPU.ActiveCfg = Release|Any CPU
		{A27F74B7-22DA-44F6-A3F1-F56838075BF0}.Release|Any CPU.Build.0 = Release|Any CPU
		{CEDCD028-8D70-493C-AA22-EC65FD18CD6B}.Debug|Any CPU.ActiveCfg = Debug|Any CPU
		{CEDCD028-8D70-493C-AA22-EC65FD18CD6B}.Debug|Any CPU.Build.0 = Debug|Any CPU
		{CEDCD028-8D70-493C-AA22-EC65FD18CD6B}.Release|Any CPU.ActiveCfg = Release|Any CPU
		{CEDCD028-8D70-493C-AA22-EC65FD18CD6B}.Release|Any CPU.Build.0 = Release|Any CPU
	EndGlobalSection
	GlobalSection(SolutionProperties) = preSolution
		HideSolutionNode = FALSE
	EndGlobalSection
	GlobalSection(ExtensibilityGlobals) = postSolution
		SolutionGuid = {E918A105-9B6B-4C90-8931-B3B011B58645}
	EndGlobalSection
EndGlobal
