
Microsoft Visual Studio Solution File, Format Version 12.00
# Visual Studio Version 16
VisualStudioVersion = 16.0.31911.196
MinimumVisualStudioVersion = 10.0.40219.1
Project("{9A19103F-16F7-4668-BE54-9A1E7A4F7556}") = "M02A001", "M02A001\M02A001.csproj", "{5A1A7EEF-9029-45AF-AE4C-F0CCAB1BE7D2}"
EndProject
Project("{9A19103F-16F7-4668-BE54-9A1E7A4F7556}") = "M02A002", "M02A002\M02A002.csproj", "{D1D5884C-80FC-4B6C-9EF9-659304C5DBB5}"
EndProject
Project("{9A19103F-16F7-4668-BE54-9A1E7A4F7556}") = "M02A003", "M02A003\M02A003.csproj", "{40B7E23F-4C28-4DDC-AA46-C375E84BE434}"
EndProject
Project("{9A19103F-16F7-4668-BE54-9A1E7A4F7556}") = "M02A004", "M02A004\M02A004.csproj", "{BFBA5EB7-A986-4A6D-8644-63F3A2104677}"
EndProject
Project("{9A19103F-16F7-4668-BE54-9A1E7A4F7556}") = "M02A005", "M02A005\M02A005.csproj", "{4AB95C74-6546-4BD7-9B87-C0960E49FD3A}"
EndProject
Project("{9A19103F-16F7-4668-BE54-9A1E7A4F7556}") = "M02A006", "M02A006\M02A006.csproj", "{225F3EE0-FFBD-41F1-BF62-BE0792F6B771}"
EndProject
Project("{9A19103F-16F7-4668-BE54-9A1E7A4F7556}") = "M02A007", "M02A007\M02A007.csproj", "{0687E300-453A-4D14-A737-C47E0C1C4717}"
EndProject
Project("{9A19103F-16F7-4668-BE54-9A1E7A4F7556}") = "M02A008", "M02A008\M02A008.csproj", "{6B2BDD2D-54C1-4BB5-82E5-0165449AA729}"
EndProject
Project("{9A19103F-16F7-4668-BE54-9A1E7A4F7556}") = "M02A009", "M02A009\M02A009.csproj", "{480A1623-A3D5-4E2A-905A-DA59CE3B382F}"
EndProject
Project("{9A19103F-16F7-4668-BE54-9A1E7A4F7556}") = "M02A010", "M02A010\M02A010.csproj", "{4C324BEF-9567-420A-8362-D0B54F9A0511}"
EndProject
Project("{9A19103F-16F7-4668-BE54-9A1E7A4F7556}") = "M02A011", "M02A011\M02A011.csproj", "{E9FF9C3B-88DA-4C78-8B05-F31FB779D266}"
EndProject
Project("{9A19103F-16F7-4668-BE54-9A1E7A4F7556}") = "M02A012", "M02A012\M02A012.csproj", "{8D061D99-3743-45A1-880E-420F0C90A5A5}"
EndProject
Project("{FAE04EC0-301F-11D3-BF4B-00C04F79EFBC}") = "M02A013", "M02A013\M02A013.csproj", "{8B038A7B-4A08-4923-BE22-CAF2E0C0E572}"
EndProject
Project("{FAE04EC0-301F-11D3-BF4B-00C04F79EFBC}") = "M02A014", "M02A014\M02A014.csproj", "{1AC86DAB-8693-4A56-B965-2DDAA424409A}"
EndProject
Project("{FAE04EC0-301F-11D3-BF4B-00C04F79EFBC}") = "M02A015", "M02A015\M02A015.csproj", "{2404D7D7-7FA8-4BF3-8EAB-2AE17E5823DC}"
EndProject
Project("{FAE04EC0-301F-11D3-BF4B-00C04F79EFBC}") = "M02A016", "M02A016\M02A016.csproj", "{4DAB375E-1A24-49B6-BED9-D94DAC591752}"
EndProject
Project("{FAE04EC0-301F-11D3-BF4B-00C04F79EFBC}") = "M02A017", "M02A017\M02A017.csproj", "{FF618DCC-79AE-49D5-B233-B27F980B614D}"
EndProject
Project("{FAE04EC0-301F-11D3-BF4B-00C04F79EFBC}") = "M02A018", "M02A018\M02A018.csproj", "{95002012-6139-4A7D-B74D-5F098BE02C16}"
EndProject
Global
	GlobalSection(SolutionConfigurationPlatforms) = preSolution
		Debug|Any CPU = Debug|Any CPU
		Release|Any CPU = Release|Any CPU
	EndGlobalSection
	GlobalSection(ProjectConfigurationPlatforms) = postSolution
		{5A1A7EEF-9029-45AF-AE4C-F0CCAB1BE7D2}.Debug|Any CPU.ActiveCfg = Debug|Any CPU
		{5A1A7EEF-9029-45AF-AE4C-F0CCAB1BE7D2}.Debug|Any CPU.Build.0 = Debug|Any CPU
		{5A1A7EEF-9029-45AF-AE4C-F0CCAB1BE7D2}.Release|Any CPU.ActiveCfg = Release|Any CPU
		{5A1A7EEF-9029-45AF-AE4C-F0CCAB1BE7D2}.Release|Any CPU.Build.0 = Release|Any CPU
		{D1D5884C-80FC-4B6C-9EF9-659304C5DBB5}.Debug|Any CPU.ActiveCfg = Debug|Any CPU
		{D1D5884C-80FC-4B6C-9EF9-659304C5DBB5}.Debug|Any CPU.Build.0 = Debug|Any CPU
		{D1D5884C-80FC-4B6C-9EF9-659304C5DBB5}.Release|Any CPU.ActiveCfg = Release|Any CPU
		{D1D5884C-80FC-4B6C-9EF9-659304C5DBB5}.Release|Any CPU.Build.0 = Release|Any CPU
		{40B7E23F-4C28-4DDC-AA46-C375E84BE434}.Debug|Any CPU.ActiveCfg = Debug|Any CPU
		{40B7E23F-4C28-4DDC-AA46-C375E84BE434}.Debug|Any CPU.Build.0 = Debug|Any CPU
		{40B7E23F-4C28-4DDC-AA46-C375E84BE434}.Release|Any CPU.ActiveCfg = Release|Any CPU
		{40B7E23F-4C28-4DDC-AA46-C375E84BE434}.Release|Any CPU.Build.0 = Release|Any CPU
		{BFBA5EB7-A986-4A6D-8644-63F3A2104677}.Debug|Any CPU.ActiveCfg = Debug|Any CPU
		{BFBA5EB7-A986-4A6D-8644-63F3A2104677}.Debug|Any CPU.Build.0 = Debug|Any CPU
		{BFBA5EB7-A986-4A6D-8644-63F3A2104677}.Release|Any CPU.ActiveCfg = Release|Any CPU
		{BFBA5EB7-A986-4A6D-8644-63F3A2104677}.Release|Any CPU.Build.0 = Release|Any CPU
		{4AB95C74-6546-4BD7-9B87-C0960E49FD3A}.Debug|Any CPU.ActiveCfg = Debug|Any CPU
		{4AB95C74-6546-4BD7-9B87-C0960E49FD3A}.Debug|Any CPU.Build.0 = Debug|Any CPU
		{4AB95C74-6546-4BD7-9B87-C0960E49FD3A}.Release|Any CPU.ActiveCfg = Release|Any CPU
		{4AB95C74-6546-4BD7-9B87-C0960E49FD3A}.Release|Any CPU.Build.0 = Release|Any CPU
		{225F3EE0-FFBD-41F1-BF62-BE0792F6B771}.Debug|Any CPU.ActiveCfg = Debug|Any CPU
		{225F3EE0-FFBD-41F1-BF62-BE0792F6B771}.Debug|Any CPU.Build.0 = Debug|Any CPU
		{225F3EE0-FFBD-41F1-BF62-BE0792F6B771}.Release|Any CPU.ActiveCfg = Release|Any CPU
		{225F3EE0-FFBD-41F1-BF62-BE0792F6B771}.Release|Any CPU.Build.0 = Release|Any CPU
		{0687E300-453A-4D14-A737-C47E0C1C4717}.Debug|Any CPU.ActiveCfg = Debug|Any CPU
		{0687E300-453A-4D14-A737-C47E0C1C4717}.Debug|Any CPU.Build.0 = Debug|Any CPU
		{0687E300-453A-4D14-A737-C47E0C1C4717}.Release|Any CPU.ActiveCfg = Release|Any CPU
		{0687E300-453A-4D14-A737-C47E0C1C4717}.Release|Any CPU.Build.0 = Release|Any CPU
		{6B2BDD2D-54C1-4BB5-82E5-0165449AA729}.Debug|Any CPU.ActiveCfg = Debug|Any CPU
		{6B2BDD2D-54C1-4BB5-82E5-0165449AA729}.Debug|Any CPU.Build.0 = Debug|Any CPU
		{6B2BDD2D-54C1-4BB5-82E5-0165449AA729}.Release|Any CPU.ActiveCfg = Release|Any CPU
		{6B2BDD2D-54C1-4BB5-82E5-0165449AA729}.Release|Any CPU.Build.0 = Release|Any CPU
		{480A1623-A3D5-4E2A-905A-DA59CE3B382F}.Debug|Any CPU.ActiveCfg = Debug|Any CPU
		{480A1623-A3D5-4E2A-905A-DA59CE3B382F}.Debug|Any CPU.Build.0 = Debug|Any CPU
		{480A1623-A3D5-4E2A-905A-DA59CE3B382F}.Release|Any CPU.ActiveCfg = Release|Any CPU
		{480A1623-A3D5-4E2A-905A-DA59CE3B382F}.Release|Any CPU.Build.0 = Release|Any CPU
		{4C324BEF-9567-420A-8362-D0B54F9A0511}.Debug|Any CPU.ActiveCfg = Debug|Any CPU
		{4C324BEF-9567-420A-8362-D0B54F9A0511}.Debug|Any CPU.Build.0 = Debug|Any CPU
		{4C324BEF-9567-420A-8362-D0B54F9A0511}.Release|Any CPU.ActiveCfg = Release|Any CPU
		{4C324BEF-9567-420A-8362-D0B54F9A0511}.Release|Any CPU.Build.0 = Release|Any CPU
		{E9FF9C3B-88DA-4C78-8B05-F31FB779D266}.Debug|Any CPU.ActiveCfg = Debug|Any CPU
		{E9FF9C3B-88DA-4C78-8B05-F31FB779D266}.Debug|Any CPU.Build.0 = Debug|Any CPU
		{E9FF9C3B-88DA-4C78-8B05-F31FB779D266}.Release|Any CPU.ActiveCfg = Release|Any CPU
		{E9FF9C3B-88DA-4C78-8B05-F31FB779D266}.Release|Any CPU.Build.0 = Release|Any CPU
		{8D061D99-3743-45A1-880E-420F0C90A5A5}.Debug|Any CPU.ActiveCfg = Debug|Any CPU
		{8D061D99-3743-45A1-880E-420F0C90A5A5}.Debug|Any CPU.Build.0 = Debug|Any CPU
		{8D061D99-3743-45A1-880E-420F0C90A5A5}.Release|Any CPU.ActiveCfg = Release|Any CPU
		{8D061D99-3743-45A1-880E-420F0C90A5A5}.Release|Any CPU.Build.0 = Release|Any CPU
		{8B038A7B-4A08-4923-BE22-CAF2E0C0E572}.Debug|Any CPU.ActiveCfg = Debug|Any CPU
		{8B038A7B-4A08-4923-BE22-CAF2E0C0E572}.Debug|Any CPU.Build.0 = Debug|Any CPU
		{8B038A7B-4A08-4923-BE22-CAF2E0C0E572}.Release|Any CPU.ActiveCfg = Release|Any CPU
		{8B038A7B-4A08-4923-BE22-CAF2E0C0E572}.Release|Any CPU.Build.0 = Release|Any CPU
		{1AC86DAB-8693-4A56-B965-2DDAA424409A}.Debug|Any CPU.ActiveCfg = Debug|Any CPU
		{1AC86DAB-8693-4A56-B965-2DDAA424409A}.Debug|Any CPU.Build.0 = Debug|Any CPU
		{1AC86DAB-8693-4A56-B965-2DDAA424409A}.Release|Any CPU.ActiveCfg = Release|Any CPU
		{1AC86DAB-8693-4A56-B965-2DDAA424409A}.Release|Any CPU.Build.0 = Release|Any CPU
		{2404D7D7-7FA8-4BF3-8EAB-2AE17E5823DC}.Debug|Any CPU.ActiveCfg = Debug|Any CPU
		{2404D7D7-7FA8-4BF3-8EAB-2AE17E5823DC}.Debug|Any CPU.Build.0 = Debug|Any CPU
		{2404D7D7-7FA8-4BF3-8EAB-2AE17E5823DC}.Release|Any CPU.ActiveCfg = Release|Any CPU
		{2404D7D7-7FA8-4BF3-8EAB-2AE17E5823DC}.Release|Any CPU.Build.0 = Release|Any CPU
		{4DAB375E-1A24-49B6-BED9-D94DAC591752}.Debug|Any CPU.ActiveCfg = Debug|Any CPU
		{4DAB375E-1A24-49B6-BED9-D94DAC591752}.Debug|Any CPU.Build.0 = Debug|Any CPU
		{4DAB375E-1A24-49B6-BED9-D94DAC591752}.Release|Any CPU.ActiveCfg = Release|Any CPU
		{4DAB375E-1A24-49B6-BED9-D94DAC591752}.Release|Any CPU.Build.0 = Release|Any CPU
		{FF618DCC-79AE-49D5-B233-B27F980B614D}.Debug|Any CPU.ActiveCfg = Debug|Any CPU
		{FF618DCC-79AE-49D5-B233-B27F980B614D}.Debug|Any CPU.Build.0 = Debug|Any CPU
		{FF618DCC-79AE-49D5-B233-B27F980B614D}.Release|Any CPU.ActiveCfg = Release|Any CPU
		{FF618DCC-79AE-49D5-B233-B27F980B614D}.Release|Any CPU.Build.0 = Release|Any CPU
		{95002012-6139-4A7D-B74D-5F098BE02C16}.Debug|Any CPU.ActiveCfg = Debug|Any CPU
		{95002012-6139-4A7D-B74D-5F098BE02C16}.Debug|Any CPU.Build.0 = Debug|Any CPU
		{95002012-6139-4A7D-B74D-5F098BE02C16}.Release|Any CPU.ActiveCfg = Release|Any CPU
		{95002012-6139-4A7D-B74D-5F098BE02C16}.Release|Any CPU.Build.0 = Release|Any CPU
	EndGlobalSection
	GlobalSection(SolutionProperties) = preSolution
		HideSolutionNode = FALSE
	EndGlobalSection
	GlobalSection(ExtensibilityGlobals) = postSolution
		SolutionGuid = {83253836-8667-4551-A277-E025812BBB18}
	EndGlobalSection
EndGlobal
